
Microsoft Visual Studio Solution File, Format Version 12.00
# Visual Studio 14
VisualStudioVersion = 14.0.25420.1
MinimumVisualStudioVersion = 10.0.40219.1
Project("{2150E333-8FDC-42A3-9474-1A3956D46DE8}") = "src", "src", "{A2EA3654-434E-410D-9266-FDFDBFE63D14}"
EndProject
Project("{2150E333-8FDC-42A3-9474-1A3956D46DE8}") = "Solution Items", "Solution Items", "{A2291B8B-2A77-4A0D-81F1-D970525FF928}"
	ProjectSection(SolutionItems) = preProject
		global.json = global.json
	EndProjectSection
EndProject
Project("{8BB2217D-0F2D-49D1-97BC-3654ED321F3B}") = "PetCoreApp", "src\PetCoreApp\PetCoreApp.xproj", "{A8748597-5CCC-4FF0-BAA2-D8A3A678A2AE}"
EndProject
Project("{2150E333-8FDC-42A3-9474-1A3956D46DE8}") = "App", "App", "{1E40D95A-E5C0-45F3-92B8-FC2FF861CED9}"
EndProject
Project("{2150E333-8FDC-42A3-9474-1A3956D46DE8}") = "Api", "Api", "{950A5C8D-CA00-4A48-BD4E-3273148430F8}"
EndProject
Project("{2150E333-8FDC-42A3-9474-1A3956D46DE8}") = "Service", "Service", "{065776BB-C62C-4AE9-BE5C-089A60E056B5}"
EndProject
Project("{2150E333-8FDC-42A3-9474-1A3956D46DE8}") = "Core", "Core", "{0C615A22-81BD-4CF7-A647-5CB0EA3CE0FB}"
EndProject
Project("{2150E333-8FDC-42A3-9474-1A3956D46DE8}") = "Data", "Data", "{ED0F4A94-16B0-4B80-9110-9907B7C059F8}"
EndProject
Project("{2150E333-8FDC-42A3-9474-1A3956D46DE8}") = "Common", "Common", "{B908C4CC-E914-4C46-87F2-36281A00D292}"
EndProject
Project("{2150E333-8FDC-42A3-9474-1A3956D46DE8}") = "Api", "Api", "{517A3769-BCFF-4F40-A44B-180B681D6D4F}"
EndProject
Project("{2150E333-8FDC-42A3-9474-1A3956D46DE8}") = "App", "App", "{4AB74A6A-9C58-4CC6-9E1E-28699D8C9C83}"
EndProject
Project("{8BB2217D-0F2D-49D1-97BC-3654ED321F3B}") = "Core", "Core\Core.xproj", "{096D0A78-D741-4845-9CF4-7D81C99645C4}"
EndProject
Project("{8BB2217D-0F2D-49D1-97BC-3654ED321F3B}") = "PetCoreApi", "src\PetCoreApi\PetCoreApi.xproj", "{AEE0B182-0617-44CB-B917-9763AEF2ADB4}"
EndProject
Project("{8BB2217D-0F2D-49D1-97BC-3654ED321F3B}") = "DataAccess", "DataAccess\DataAccess.xproj", "{DB5D4BC6-D7EC-4227-BF1F-6E2033CD3E93}"
EndProject
Global
	GlobalSection(SolutionConfigurationPlatforms) = preSolution
		Debug|Any CPU = Debug|Any CPU
		Release|Any CPU = Release|Any CPU
	EndGlobalSection
	GlobalSection(ProjectConfigurationPlatforms) = postSolution
		{A8748597-5CCC-4FF0-BAA2-D8A3A678A2AE}.Debug|Any CPU.ActiveCfg = Debug|Any CPU
		{A8748597-5CCC-4FF0-BAA2-D8A3A678A2AE}.Debug|Any CPU.Build.0 = Debug|Any CPU
		{A8748597-5CCC-4FF0-BAA2-D8A3A678A2AE}.Release|Any CPU.ActiveCfg = Release|Any CPU
		{A8748597-5CCC-4FF0-BAA2-D8A3A678A2AE}.Release|Any CPU.Build.0 = Release|Any CPU
		{096D0A78-D741-4845-9CF4-7D81C99645C4}.Debug|Any CPU.ActiveCfg = Debug|Any CPU
		{096D0A78-D741-4845-9CF4-7D81C99645C4}.Debug|Any CPU.Build.0 = Debug|Any CPU
		{096D0A78-D741-4845-9CF4-7D81C99645C4}.Release|Any CPU.ActiveCfg = Release|Any CPU
		{096D0A78-D741-4845-9CF4-7D81C99645C4}.Release|Any CPU.Build.0 = Release|Any CPU
		{AEE0B182-0617-44CB-B917-9763AEF2ADB4}.Debug|Any CPU.ActiveCfg = Debug|Any CPU
		{AEE0B182-0617-44CB-B917-9763AEF2ADB4}.Debug|Any CPU.Build.0 = Debug|Any CPU
		{AEE0B182-0617-44CB-B917-9763AEF2ADB4}.Release|Any CPU.ActiveCfg = Release|Any CPU
		{AEE0B182-0617-44CB-B917-9763AEF2ADB4}.Release|Any CPU.Build.0 = Release|Any CPU
		{DB5D4BC6-D7EC-4227-BF1F-6E2033CD3E93}.Debug|Any CPU.ActiveCfg = Debug|Any CPU
		{DB5D4BC6-D7EC-4227-BF1F-6E2033CD3E93}.Debug|Any CPU.Build.0 = Debug|Any CPU
		{DB5D4BC6-D7EC-4227-BF1F-6E2033CD3E93}.Release|Any CPU.ActiveCfg = Release|Any CPU
		{DB5D4BC6-D7EC-4227-BF1F-6E2033CD3E93}.Release|Any CPU.Build.0 = Release|Any CPU
	EndGlobalSection
	GlobalSection(SolutionProperties) = preSolution
		HideSolutionNode = FALSE
	EndGlobalSection
	GlobalSection(NestedProjects) = preSolution
		{A8748597-5CCC-4FF0-BAA2-D8A3A678A2AE} = {1E40D95A-E5C0-45F3-92B8-FC2FF861CED9}
		{1E40D95A-E5C0-45F3-92B8-FC2FF861CED9} = {A2EA3654-434E-410D-9266-FDFDBFE63D14}
		{950A5C8D-CA00-4A48-BD4E-3273148430F8} = {A2EA3654-434E-410D-9266-FDFDBFE63D14}
		{065776BB-C62C-4AE9-BE5C-089A60E056B5} = {A2EA3654-434E-410D-9266-FDFDBFE63D14}
		{0C615A22-81BD-4CF7-A647-5CB0EA3CE0FB} = {A2EA3654-434E-410D-9266-FDFDBFE63D14}
		{ED0F4A94-16B0-4B80-9110-9907B7C059F8} = {A2EA3654-434E-410D-9266-FDFDBFE63D14}
		{B908C4CC-E914-4C46-87F2-36281A00D292} = {0C615A22-81BD-4CF7-A647-5CB0EA3CE0FB}
		{517A3769-BCFF-4F40-A44B-180B681D6D4F} = {ED0F4A94-16B0-4B80-9110-9907B7C059F8}
		{4AB74A6A-9C58-4CC6-9E1E-28699D8C9C83} = {065776BB-C62C-4AE9-BE5C-089A60E056B5}
		{096D0A78-D741-4845-9CF4-7D81C99645C4} = {B908C4CC-E914-4C46-87F2-36281A00D292}
		{AEE0B182-0617-44CB-B917-9763AEF2ADB4} = {950A5C8D-CA00-4A48-BD4E-3273148430F8}
		{DB5D4BC6-D7EC-4227-BF1F-6E2033CD3E93} = {517A3769-BCFF-4F40-A44B-180B681D6D4F}
	EndGlobalSection
EndGlobal
